
Microsoft Visual Studio Solution File, Format Version 12.00
# Visual Studio 14
VisualStudioVersion = 14.0.25420.1
MinimumVisualStudioVersion = 10.0.40219.1
Project("{F14B399A-7131-4C87-9E4B-1186C45EF12D}") = "PlayReportingService", "PlayReportingService\PlayReportingService.rptproj", "{0D99CC5C-D3C0-43AC-8555-F1A6B69C7FFA}"
EndProject
Global
	GlobalSection(SolutionConfigurationPlatforms) = preSolution
		Debug|Default = Debug|Default
		DebugLocal|Default = DebugLocal|Default
		Release|Default = Release|Default
	EndGlobalSection
	GlobalSection(ProjectConfigurationPlatforms) = postSolution
		{0D99CC5C-D3C0-43AC-8555-F1A6B69C7FFA}.Debug|Default.ActiveCfg = Debug
		{0D99CC5C-D3C0-43AC-8555-F1A6B69C7FFA}.Debug|Default.Build.0 = Debug
		{0D99CC5C-D3C0-43AC-8555-F1A6B69C7FFA}.Debug|Default.Deploy.0 = Debug
		{0D99CC5C-D3C0-43AC-8555-F1A6B69C7FFA}.DebugLocal|Default.ActiveCfg = DebugLocal
		{0D99CC5C-D3C0-43AC-8555-F1A6B69C7FFA}.DebugLocal|Default.Build.0 = DebugLocal
		{0D99CC5C-D3C0-43AC-8555-F1A6B69C7FFA}.Release|Default.ActiveCfg = Release
		{0D99CC5C-D3C0-43AC-8555-F1A6B69C7FFA}.Release|Default.Build.0 = Release
		{0D99CC5C-D3C0-43AC-8555-F1A6B69C7FFA}.Release|Default.Deploy.0 = Release
	EndGlobalSection
	GlobalSection(SolutionProperties) = preSolution
		HideSolutionNode = FALSE
	EndGlobalSection
EndGlobal
